
Microsoft Visual Studio Solution File, Format Version 12.00
# Visual Studio 15
VisualStudioVersion = 15.0.26730.3
MinimumVisualStudioVersion = 10.0.40219.1
Project("{FAE04EC0-301F-11D3-BF4B-00C04F79EFBC}") = "TestData_Model", "TestData\TestData_Model.csproj", "{0ED42AE2-DA16-4763-963C-AF60C149D577}"
EndProject
Project("{FAE04EC0-301F-11D3-BF4B-00C04F79EFBC}") = "TestData_Bll", "TestData_Bll\TestData_Bll.csproj", "{589C1E04-2102-40A4-B4C7-E7086109CA11}"
EndProject
Project("{FAE04EC0-301F-11D3-BF4B-00C04F79EFBC}") = "TestData_Dal", "TestData_Dal\TestData_Dal.csproj", "{BB68B0C5-10B3-41C7-9D2E-54E5DF6EA6A8}"
EndProject
Global
	GlobalSection(SolutionConfigurationPlatforms) = preSolution
		Debug|Any CPU = Debug|Any CPU
		Release|Any CPU = Release|Any CPU
	EndGlobalSection
	GlobalSection(ProjectConfigurationPlatforms) = postSolution
		{0ED42AE2-DA16-4763-963C-AF60C149D577}.Debug|Any CPU.ActiveCfg = Debug|Any CPU
		{0ED42AE2-DA16-4763-963C-AF60C149D577}.Debug|Any CPU.Build.0 = Debug|Any CPU
		{0ED42AE2-DA16-4763-963C-AF60C149D577}.Release|Any CPU.ActiveCfg = Release|Any CPU
		{0ED42AE2-DA16-4763-963C-AF60C149D577}.Release|Any CPU.Build.0 = Release|Any CPU
		{589C1E04-2102-40A4-B4C7-E7086109CA11}.Debug|Any CPU.ActiveCfg = Debug|Any CPU
		{589C1E04-2102-40A4-B4C7-E7086109CA11}.Debug|Any CPU.Build.0 = Debug|Any CPU
		{589C1E04-2102-40A4-B4C7-E7086109CA11}.Release|Any CPU.ActiveCfg = Release|Any CPU
		{589C1E04-2102-40A4-B4C7-E7086109CA11}.Release|Any CPU.Build.0 = Release|Any CPU
		{BB68B0C5-10B3-41C7-9D2E-54E5DF6EA6A8}.Debug|Any CPU.ActiveCfg = Debug|Any CPU
		{BB68B0C5-10B3-41C7-9D2E-54E5DF6EA6A8}.Debug|Any CPU.Build.0 = Debug|Any CPU
		{BB68B0C5-10B3-41C7-9D2E-54E5DF6EA6A8}.Release|Any CPU.ActiveCfg = Release|Any CPU
		{BB68B0C5-10B3-41C7-9D2E-54E5DF6EA6A8}.Release|Any CPU.Build.0 = Release|Any CPU
	EndGlobalSection
	GlobalSection(SolutionProperties) = preSolution
		HideSolutionNode = FALSE
	EndGlobalSection
	GlobalSection(ExtensibilityGlobals) = postSolution
		SolutionGuid = {9EA315EA-6545-4830-87C8-81333F894498}
	EndGlobalSection
EndGlobal
